
Microsoft Visual Studio Solution File, Format Version 12.00
# Visual Studio 15
VisualStudioVersion = 15.0.26730.12
MinimumVisualStudioVersion = 10.0.40219.1
Project("{FAE04EC0-301F-11D3-BF4B-00C04F79EFBC}") = "MyWebChat.Web", "MyWebChat.Web\MyWebChat.Web.csproj", "{C44653FD-40AD-46C2-B1D5-DBF4B70F91A0}"
EndProject
Global
	GlobalSection(SolutionConfigurationPlatforms) = preSolution
		Debug|Any CPU = Debug|Any CPU
		Release|Any CPU = Release|Any CPU
	EndGlobalSection
	GlobalSection(ProjectConfigurationPlatforms) = postSolution
		{C44653FD-40AD-46C2-B1D5-DBF4B70F91A0}.Debug|Any CPU.ActiveCfg = Debug|Any CPU
		{C44653FD-40AD-46C2-B1D5-DBF4B70F91A0}.Debug|Any CPU.Build.0 = Debug|Any CPU
		{C44653FD-40AD-46C2-B1D5-DBF4B70F91A0}.Release|Any CPU.ActiveCfg = Release|Any CPU
		{C44653FD-40AD-46C2-B1D5-DBF4B70F91A0}.Release|Any CPU.Build.0 = Release|Any CPU
	EndGlobalSection
	GlobalSection(SolutionProperties) = preSolution
		HideSolutionNode = FALSE
	EndGlobalSection
	GlobalSection(ExtensibilityGlobals) = postSolution
		SolutionGuid = {3A6C8BFB-7494-4DEC-AAC7-E27B23C1E3FF}
	EndGlobalSection
EndGlobal
